
Microsoft Visual Studio Solution File, Format Version 12.00
# Visual Studio 15
VisualStudioVersion = 15.0.27130.2036
MinimumVisualStudioVersion = 10.0.40219.1
Project("{FAE04EC0-301F-11D3-BF4B-00C04F79EFBC}") = "ImpHunter", "ImpHunter\ImpHunter.csproj", "{B99E4AE6-C433-4419-8844-225986CAFBB6}"
EndProject
Global
	GlobalSection(SolutionConfigurationPlatforms) = preSolution
		Debug|x86 = Debug|x86
		Release|x86 = Release|x86
	EndGlobalSection
	GlobalSection(ProjectConfigurationPlatforms) = postSolution
		{B99E4AE6-C433-4419-8844-225986CAFBB6}.Debug|x86.ActiveCfg = Debug|x86
		{B99E4AE6-C433-4419-8844-225986CAFBB6}.Debug|x86.Build.0 = Debug|x86
		{B99E4AE6-C433-4419-8844-225986CAFBB6}.Release|x86.ActiveCfg = Release|x86
		{B99E4AE6-C433-4419-8844-225986CAFBB6}.Release|x86.Build.0 = Release|x86
	EndGlobalSection
	GlobalSection(SolutionProperties) = preSolution
		HideSolutionNode = FALSE
	EndGlobalSection
	GlobalSection(ExtensibilityGlobals) = postSolution
		SolutionGuid = {694DBEE6-BA4D-45E2-B5FE-8D01D268CF27}
	EndGlobalSection
EndGlobal
